
Microsoft Visual Studio Solution File, Format Version 12.00
# Visual Studio Version 17
VisualStudioVersion = 17.6.33801.468
MinimumVisualStudioVersion = 10.0.40219.1
Project("{9A19103F-16F7-4668-BE54-9A1E7A4F7556}") = "WorkerServiceTest", "WorkerServiceTest.csproj", "{F30D03D3-6538-4B95-B7C7-3726D78AD61C}"
EndProject
Global
	GlobalSection(SolutionConfigurationPlatforms) = preSolution
		Debug|Any CPU = Debug|Any CPU
		Release|Any CPU = Release|Any CPU
	EndGlobalSection
	GlobalSection(ProjectConfigurationPlatforms) = postSolution
		{F30D03D3-6538-4B95-B7C7-3726D78AD61C}.Debug|Any CPU.ActiveCfg = Debug|x86
		{F30D03D3-6538-4B95-B7C7-3726D78AD61C}.Debug|Any CPU.Build.0 = Debug|x86
		{F30D03D3-6538-4B95-B7C7-3726D78AD61C}.Release|Any CPU.ActiveCfg = Release|Any CPU
		{F30D03D3-6538-4B95-B7C7-3726D78AD61C}.Release|Any CPU.Build.0 = Release|Any CPU
	EndGlobalSection
	GlobalSection(SolutionProperties) = preSolution
		HideSolutionNode = FALSE
	EndGlobalSection
	GlobalSection(ExtensibilityGlobals) = postSolution
		SolutionGuid = {4A2C227F-9A9D-49A8-990F-689CDB69ECD2}
	EndGlobalSection
EndGlobal
